
Microsoft Visual Studio Solution File, Format Version 12.00
# Visual Studio Version 16
VisualStudioVersion = 16.0.30320.27
MinimumVisualStudioVersion = 10.0.40219.1
Project("{FAE04EC0-301F-11D3-BF4B-00C04F79EFBC}") = "Nyous.Api.NoSQL", "Nyous.Api.NoSQL\Nyous.Api.NoSQL.csproj", "{66DF9E81-C713-4008-9338-54428CF6C0AF}"
EndProject
Global
	GlobalSection(SolutionConfigurationPlatforms) = preSolution
		Debug|Any CPU = Debug|Any CPU
		Release|Any CPU = Release|Any CPU
	EndGlobalSection
	GlobalSection(ProjectConfigurationPlatforms) = postSolution
		{66DF9E81-C713-4008-9338-54428CF6C0AF}.Debug|Any CPU.ActiveCfg = Debug|Any CPU
		{66DF9E81-C713-4008-9338-54428CF6C0AF}.Debug|Any CPU.Build.0 = Debug|Any CPU
		{66DF9E81-C713-4008-9338-54428CF6C0AF}.Release|Any CPU.ActiveCfg = Release|Any CPU
		{66DF9E81-C713-4008-9338-54428CF6C0AF}.Release|Any CPU.Build.0 = Release|Any CPU
	EndGlobalSection
	GlobalSection(SolutionProperties) = preSolution
		HideSolutionNode = FALSE
	EndGlobalSection
	GlobalSection(ExtensibilityGlobals) = postSolution
		SolutionGuid = {9B01F770-D6AE-4F6F-93EA-389B387CF3EB}
	EndGlobalSection
EndGlobal
